
Microsoft Visual Studio Solution File, Format Version 12.00
# Visual Studio Version 16
VisualStudioVersion = 16.0.31829.152
MinimumVisualStudioVersion = 10.0.40219.1
Project("{FAE04EC0-301F-11D3-BF4B-00C04F79EFBC}") = "Task_22A", "Task_22A\Task_22A.csproj", "{50D000A6-48C2-4010-9490-2927359D8734}"
EndProject
Global
	GlobalSection(SolutionConfigurationPlatforms) = preSolution
		Debug|Any CPU = Debug|Any CPU
		Release|Any CPU = Release|Any CPU
	EndGlobalSection
	GlobalSection(ProjectConfigurationPlatforms) = postSolution
		{50D000A6-48C2-4010-9490-2927359D8734}.Debug|Any CPU.ActiveCfg = Debug|Any CPU
		{50D000A6-48C2-4010-9490-2927359D8734}.Debug|Any CPU.Build.0 = Debug|Any CPU
		{50D000A6-48C2-4010-9490-2927359D8734}.Release|Any CPU.ActiveCfg = Release|Any CPU
		{50D000A6-48C2-4010-9490-2927359D8734}.Release|Any CPU.Build.0 = Release|Any CPU
	EndGlobalSection
	GlobalSection(SolutionProperties) = preSolution
		HideSolutionNode = FALSE
	EndGlobalSection
	GlobalSection(ExtensibilityGlobals) = postSolution
		SolutionGuid = {1B554389-87EB-499A-9492-B6F36F0841F2}
	EndGlobalSection
EndGlobal
